
Microsoft Visual Studio Solution File, Format Version 12.00
# Visual Studio Version 16
VisualStudioVersion = 16.0.29102.190
MinimumVisualStudioVersion = 10.0.40219.1
Project("{FAE04EC0-301F-11D3-BF4B-00C04F79EFBC}") = "FoodOrderingSystem", "FoodOrderingSystem\FoodOrderingSystem.csproj", "{1C8E1B20-4FF9-4D3E-8B28-2FADCCBAA4ED}"
EndProject
Global
	GlobalSection(SolutionConfigurationPlatforms) = preSolution
		Debug|Any CPU = Debug|Any CPU
		Release|Any CPU = Release|Any CPU
	EndGlobalSection
	GlobalSection(ProjectConfigurationPlatforms) = postSolution
		{1C8E1B20-4FF9-4D3E-8B28-2FADCCBAA4ED}.Debug|Any CPU.ActiveCfg = Debug|Any CPU
		{1C8E1B20-4FF9-4D3E-8B28-2FADCCBAA4ED}.Debug|Any CPU.Build.0 = Debug|Any CPU
		{1C8E1B20-4FF9-4D3E-8B28-2FADCCBAA4ED}.Release|Any CPU.ActiveCfg = Release|Any CPU
		{1C8E1B20-4FF9-4D3E-8B28-2FADCCBAA4ED}.Release|Any CPU.Build.0 = Release|Any CPU
	EndGlobalSection
	GlobalSection(SolutionProperties) = preSolution
		HideSolutionNode = FALSE
	EndGlobalSection
	GlobalSection(ExtensibilityGlobals) = postSolution
		SolutionGuid = {F90C5C0B-5B80-4CA2-824D-B10A5C138BED}
	EndGlobalSection
EndGlobal
